// !$*UTF8*$!
{
	archiveVersion = 1;
	classes = {
	};
	objectVersion = 50;
	objects = {

/* Begin PBXBuildFile section */
		7BB50B3E22A20DE600F499FF /* AppDelegate.swift in Sources */ = {isa = PBXBuildFile; fileRef = 7BB50B3D22A20DE600F499FF /* AppDelegate.swift */; };
		7BB50B4022A20DE600F499FF /* ViewController.swift in Sources */ = {isa = PBXBuildFile; fileRef = 7BB50B3F22A20DE600F499FF /* ViewController.swift */; };
		7BB50B4322A20DE600F499FF /* Main.storyboard in Resources */ = {isa = PBXBuildFile; fileRef = 7BB50B4122A20DE600F499FF /* Main.storyboard */; };
		7BB50B4522A20DE900F499FF /* Assets.xcassets in Resources */ = {isa = PBXBuildFile; fileRef = 7BB50B4422A20DE900F499FF /* Assets.xcassets */; };
		7BB50B4822A20DE900F499FF /* LaunchScreen.storyboard in Resources */ = {isa = PBXBuildFile; fileRef = 7BB50B4622A20DE900F499FF /* LaunchScreen.storyboard */; };
		7BB50B5322A20DE900F499FF /* QConstraintsDemoTests.swift in Sources */ = {isa = PBXBuildFile; fileRef = 7BB50B5222A20DE900F499FF /* QConstraintsDemoTests.swift */; };
		7BB50B5E22A20DE900F499FF /* QConstraintsDemoUITests.swift in Sources */ = {isa = PBXBuildFile; fileRef = 7BB50B5D22A20DE900F499FF /* QConstraintsDemoUITests.swift */; };
		7BB50B6C22A20E2600F499FF /* UIview+Extension.swift in Sources */ = {isa = PBXBuildFile; fileRef = 7BB50B6B22A20E2600F499FF /* UIview+Extension.swift */; };
/* End PBXBuildFile section */

/* Begin PBXContainerItemProxy section */
		7BB50B4F22A20DE900F499FF /* PBXContainerItemProxy */ = {
			isa = PBXContainerItemProxy;
			containerPortal = 7BB50B3222A20DE500F499FF /* Project object */;
			proxyType = 1;
			remoteGlobalIDString = 7BB50B3922A20DE500F499FF;
			remoteInfo = QConstraintsDemo;
		};
		7BB50B5A22A20DE900F499FF /* PBXContainerItemProxy */ = {
			isa = PBXContainerItemProxy;
			containerPortal = 7BB50B3222A20DE500F499FF /* Project object */;
			proxyType = 1;
			remoteGlobalIDString = 7BB50B3922A20DE500F499FF;
			remoteInfo = QConstraintsDemo;
		};
/* End PBXContainerItemProxy section */

/* Begin PBXFileReference section */
		7BB50B3A22A20DE600F499FF /* QConstraintsDemo.app */ = {isa = PBXFileReference; explicitFileType = wrapper.application; includeInIndex = 0; path = QConstraintsDemo.app; sourceTree = BUILT_PRODUCTS_DIR; };
		7BB50B3D22A20DE600F499FF /* AppDelegate.swift */ = {isa = PBXFileReference; lastKnownFileType = sourcecode.swift; path = AppDelegate.swift; sourceTree = "<group>"; };
		7BB50B3F22A20DE600F499FF /* ViewController.swift */ = {isa = PBXFileReference; lastKnownFileType = sourcecode.swift; path = ViewController.swift; sourceTree = "<group>"; };
		7BB50B4222A20DE600F499FF /* Base */ = {isa = PBXFileReference; lastKnownFileType = file.storyboard; name = Base; path = Base.lproj/Main.storyboard; sourceTree = "<group>"; };
		7BB50B4422A20DE900F499FF /* Assets.xcassets */ = {isa = PBXFileReference; lastKnownFileType = folder.assetcatalog; path = Assets.xcassets; sourceTree = "<group>"; };
		7BB50B4722A20DE900F499FF /* Base */ = {isa = PBXFileReference; lastKnownFileType = file.storyboard; name = Base; path = Base.lproj/LaunchScreen.storyboard; sourceTree = "<group>"; };
		7BB50B4922A20DE900F499FF /* Info.plist */ = {isa = PBXFileReference; lastKnownFileType = text.plist.xml; path = Info.plist; sourceTree = "<group>"; };
		7BB50B4E22A20DE900F499FF /* QConstraintsDemoTests.xctest */ = {isa = PBXFileReference; explicitFileType = wrapper.cfbundle; includeInIndex = 0; path = QConstraintsDemoTests.xctest; sourceTree = BUILT_PRODUCTS_DIR; };
		7BB50B5222A20DE900F499FF /* QConstraintsDemoTests.swift */ = {isa = PBXFileReference; lastKnownFileType = sourcecode.swift; path = QConstraintsDemoTests.swift; sourceTree = "<group>"; };
		7BB50B5422A20DE900F499FF /* Info.plist */ = {isa = PBXFileReference; lastKnownFileType = text.plist.xml; path = Info.plist; sourceTree = "<group>"; };
		7BB50B5922A20DE900F499FF /* QConstraintsDemoUITests.xctest */ = {isa = PBXFileReference; explicitFileType = wrapper.cfbundle; includeInIndex = 0; path = QConstraintsDemoUITests.xctest; sourceTree = BUILT_PRODUCTS_DIR; };
		7BB50B5D22A20DE900F499FF /* QConstraintsDemoUITests.swift */ = {isa = PBXFileReference; lastKnownFileType = sourcecode.swift; path = QConstraintsDemoUITests.swift; sourceTree = "<group>"; };
		7BB50B5F22A20DE900F499FF /* Info.plist */ = {isa = PBXFileReference; lastKnownFileType = text.plist.xml; path = Info.plist; sourceTree = "<group>"; };
		7BB50B6B22A20E2600F499FF /* UIview+Extension.swift */ = {isa = PBXFileReference; fileEncoding = 4; lastKnownFileType = sourcecode.swift; path = "UIview+Extension.swift"; sourceTree = "<group>"; };
/* End PBXFileReference section */

/* Begin PBXFrameworksBuildPhase section */
		7BB50B3722A20DE500F499FF /* Frameworks */ = {
			isa = PBXFrameworksBuildPhase;
			buildActionMask = 2147483647;
			files = (
			);
			runOnlyForDeploymentPostprocessing = 0;
		};
		7BB50B4B22A20DE900F499FF /* Frameworks */ = {
			isa = PBXFrameworksBuildPhase;
			buildActionMask = 2147483647;
			files = (
			);
			runOnlyForDeploymentPostprocessing = 0;
		};
		7BB50B5622A20DE900F499FF /* Frameworks */ = {
			isa = PBXFrameworksBuildPhase;
			buildActionMask = 2147483647;
			files = (
			);
			runOnlyForDeploymentPostprocessing = 0;
		};
/* End PBXFrameworksBuildPhase section */

/* Begin PBXGroup section */
		7BB50B3122A20DE500F499FF = {
			isa = PBXGroup;
			children = (
				7BB50B3C22A20DE600F499FF /* QConstraintsDemo */,
				7BB50B5122A20DE900F499FF /* QConstraintsDemoTests */,
				7BB50B5C22A20DE900F499FF /* QConstraintsDemoUITests */,
				7BB50B3B22A20DE600F499FF /* Products */,
			);
			sourceTree = "<group>";
		};
		7BB50B3B22A20DE600F499FF /* Products */ = {
			isa = PBXGroup;
			children = (
				7BB50B3A22A20DE600F499FF /* QConstraintsDemo.app */,
				7BB50B4E22A20DE900F499FF /* QConstraintsDemoTests.xctest */,
				7BB50B5922A20DE900F499FF /* QConstraintsDemoUITests.xctest */,
			);
			name = Products;
			sourceTree = "<group>";
		};
		7BB50B3C22A20DE600F499FF /* QConstraintsDemo */ = {
			isa = PBXGroup;
			children = (
				7BB50B3D22A20DE600F499FF /* AppDelegate.swift */,
				7BB50B3F22A20DE600F499FF /* ViewController.swift */,
				7BB50B6B22A20E2600F499FF /* UIview+Extension.swift */,
				7BB50B4122A20DE600F499FF /* Main.storyboard */,
				7BB50B4422A20DE900F499FF /* Assets.xcassets */,
				7BB50B4622A20DE900F499FF /* LaunchScreen.storyboard */,
				7BB50B4922A20DE900F499FF /* Info.plist */,
			);
			path = QConstraintsDemo;
			sourceTree = "<group>";
		};
		7BB50B5122A20DE900F499FF /* QConstraintsDemoTests */ = {
			isa = PBXGroup;
			children = (
				7BB50B5222A20DE900F499FF /* QConstraintsDemoTests.swift */,
				7BB50B5422A20DE900F499FF /* Info.plist */,
			);
			path = QConstraintsDemoTests;
			sourceTree = "<group>";
		};
		7BB50B5C22A20DE900F499FF /* QConstraintsDemoUITests */ = {
			isa = PBXGroup;
			children = (
				7BB50B5D22A20DE900F499FF /* QConstraintsDemoUITests.swift */,
				7BB50B5F22A20DE900F499FF /* Info.plist */,
			);
			path = QConstraintsDemoUITests;
			sourceTree = "<group>";
		};
/* End PBXGroup section */

/* Begin PBXNativeTarget section */
		7BB50B3922A20DE500F499FF /* QConstraintsDemo */ = {
			isa = PBXNativeTarget;
			buildConfigurationList = 7BB50B6222A20DE900F499FF /* Build configuration list for PBXNativeTarget "QConstraintsDemo" */;
			buildPhases = (
				7BB50B3622A20DE500F499FF /* Sources */,
				7BB50B3722A20DE500F499FF /* Frameworks */,
				7BB50B3822A20DE500F499FF /* Resources */,
			);
			buildRules = (
			);
			dependencies = (
			);
			name = QConstraintsDemo;
			productName = QConstraintsDemo;
			productReference = 7BB50B3A22A20DE600F499FF /* QConstraintsDemo.app */;
			productType = "com.apple.product-type.application";
		};
		7BB50B4D22A20DE900F499FF /* QConstraintsDemoTests */ = {
			isa = PBXNativeTarget;
			buildConfigurationList = 7BB50B6522A20DE900F499FF /* Build configuration list for PBXNativeTarget "QConstraintsDemoTests" */;
			buildPhases = (
				7BB50B4A22A20DE900F499FF /* Sources */,
				7BB50B4B22A20DE900F499FF /* Frameworks */,
				7BB50B4C22A20DE900F499FF /* Resources */,
			);
			buildRules = (
			);
			dependencies = (
				7BB50B5022A20DE900F499FF /* PBXTargetDependency */,
			);
			name = QConstraintsDemoTests;
			productName = QConstraintsDemoTests;
			productReference = 7BB50B4E22A20DE900F499FF /* QConstraintsDemoTests.xctest */;
			productType = "com.apple.product-type.bundle.unit-test";
		};
		7BB50B5822A20DE900F499FF /* QConstraintsDemoUITests */ = {
			isa = PBXNativeTarget;
			buildConfigurationList = 7BB50B6822A20DE900F499FF /* Build configuration list for PBXNativeTarget "QConstraintsDemoUITests" */;
			buildPhases = (
				7BB50B5522A20DE900F499FF /* Sources */,
				7BB50B5622A20DE900F499FF /* Frameworks */,
				7BB50B5722A20DE900F499FF /* Resources */,
			);
			buildRules = (
			);
			dependencies = (
				7BB50B5B22A20DE900F499FF /* PBXTargetDependency */,
			);
			name = QConstraintsDemoUITests;
			productName = QConstraintsDemoUITests;
			productReference = 7BB50B5922A20DE900F499FF /* QConstraintsDemoUITests.xctest */;
			productType = "com.apple.product-type.bundle.ui-testing";
		};
/* End PBXNativeTarget section */

/* Begin PBXProject section */
		7BB50B3222A20DE500F499FF /* Project object */ = {
			isa = PBXProject;
			attributes = {
				LastSwiftUpdateCheck = 1020;
				LastUpgradeCheck = 1020;
				ORGANIZATIONNAME = qishouhui;
				TargetAttributes = {
					7BB50B3922A20DE500F499FF = {
						CreatedOnToolsVersion = 10.2.1;
					};
					7BB50B4D22A20DE900F499FF = {
						CreatedOnToolsVersion = 10.2.1;
						TestTargetID = 7BB50B3922A20DE500F499FF;
					};
					7BB50B5822A20DE900F499FF = {
						CreatedOnToolsVersion = 10.2.1;
						TestTargetID = 7BB50B3922A20DE500F499FF;
					};
				};
			};
			buildConfigurationList = 7BB50B3522A20DE500F499FF /* Build configuration list for PBXProject "QConstraintsDemo" */;
			compatibilityVersion = "Xcode 9.3";
			developmentRegion = en;
			hasScannedForEncodings = 0;
			knownRegions = (
				en,
				Base,
			);
			mainGroup = 7BB50B3122A20DE500F499FF;
			productRefGroup = 7BB50B3B22A20DE600F499FF /* Products */;
			projectDirPath = "";
			projectRoot = "";
			targets = (
				7BB50B3922A20DE500F499FF /* QConstraintsDemo */,
				7BB50B4D22A20DE900F499FF /* QConstraintsDemoTests */,
				7BB50B5822A20DE900F499FF /* QConstraintsDemoUITests */,
			);
		};
/* End PBXProject section */

/* Begin PBXResourcesBuildPhase section */
		7BB50B3822A20DE500F499FF /* Resources */ = {
			isa = PBXResourcesBuildPhase;
			buildActionMask = 2147483647;
			files = (
				7BB50B4822A20DE900F499FF /* LaunchScreen.storyboard in Resources */,
				7BB50B4522A20DE900F499FF /* Assets.xcassets in Resources */,
				7BB50B4322A20DE600F499FF /* Main.storyboard in Resources */,
			);
			runOnlyForDeploymentPostprocessing = 0;
		};
		7BB50B4C22A20DE900F499FF /* Resources */ = {
			isa = PBXResourcesBuildPhase;
			buildActionMask = 2147483647;
			files = (
			);
			runOnlyForDeploymentPostprocessing = 0;
		};
		7BB50B5722A20DE900F499FF /* Resources */ = {
			isa = PBXResourcesBuildPhase;
			buildActionMask = 2147483647;
			files = (
			);
			runOnlyForDeploymentPostprocessing = 0;
		};
/* End PBXResourcesBuildPhase section */

/* Begin PBXSourcesBuildPhase section */
		7BB50B3622A20DE500F499FF /* Sources */ = {
			isa = PBXSourcesBuildPhase;
			buildActionMask = 2147483647;
			files = (
				7BB50B4022A20DE600F499FF /* ViewController.swift in Sources */,
				7BB50B6C22A20E2600F499FF /* UIview+Extension.swift in Sources */,
				7BB50B3E22A20DE600F499FF /* AppDelegate.swift in Sources */,
			);
			runOnlyForDeploymentPostprocessing = 0;
		};
		7BB50B4A22A20DE900F499FF /* Sources */ = {
			isa = PBXSourcesBuildPhase;
			buildActionMask = 2147483647;
			files = (
				7BB50B5322A20DE900F499FF /* QConstraintsDemoTests.swift in Sources */,
			);
			runOnlyForDeploymentPostprocessing = 0;
		};
		7BB50B5522A20DE900F499FF /* Sources */ = {
			isa = PBXSourcesBuildPhase;
			buildActionMask = 2147483647;
			files = (
				7BB50B5E22A20DE900F499FF /* QConstraintsDemoUITests.swift in Sources */,
			);
			runOnlyForDeploymentPostprocessing = 0;
		};
/* End PBXSourcesBuildPhase section */

/* Begin PBXTargetDependency section */
		7BB50B5022A20DE900F499FF /* PBXTargetDependency */ = {
			isa = PBXTargetDependency;
			target = 7BB50B3922A20DE500F499FF /* QConstraintsDemo */;
			targetProxy = 7BB50B4F22A20DE900F499FF /* PBXContainerItemProxy */;
		};
		7BB50B5B22A20DE900F499FF /* PBXTargetDependency */ = {
			isa = PBXTargetDependency;
			target = 7BB50B3922A20DE500F499FF /* QConstraintsDemo */;
			targetProxy = 7BB50B5A22A20DE900F499FF /* PBXContainerItemProxy */;
		};
/* End PBXTargetDependency section */

/* Begin PBXVariantGroup section */
		7BB50B4122A20DE600F499FF /* Main.storyboard */ = {
			isa = PBXVariantGroup;
			children = (
				7BB50B4222A20DE600F499FF /* Base */,
			);
			name = Main.storyboard;
			sourceTree = "<group>";
		};
		7BB50B4622A20DE900F499FF /* LaunchScreen.storyboard */ = {
			isa = PBXVariantGroup;
			children = (
				7BB50B4722A20DE900F499FF /* Base */,
			);
			name = LaunchScreen.storyboard;
			sourceTree = "<group>";
		};
/* End PBXVariantGroup section */

/* Begin XCBuildConfiguration section */
		7BB50B6022A20DE900F499FF /* Debug */ = {
			isa = XCBuildConfiguration;
			buildSettings = {
				ALWAYS_SEARCH_USER_PATHS = NO;
				CLANG_ANALYZER_NONNULL = YES;
				CLANG_ANALYZER_NUMBER_OBJECT_CONVERSION = YES_AGGRESSIVE;
				CLANG_CXX_LANGUAGE_STANDARD = "gnu++14";
				CLANG_CXX_LIBRARY = "libc++";
				CLANG_ENABLE_MODULES = YES;
				CLANG_ENABLE_OBJC_ARC = YES;
				CLANG_ENABLE_OBJC_WEAK = YES;
				CLANG_WARN_BLOCK_CAPTURE_AUTORELEASING = YES;
				CLANG_WARN_BOOL_CONVERSION = YES;
				CLANG_WARN_COMMA = YES;
				CLANG_WARN_CONSTANT_CONVERSION = YES;
				CLANG_WARN_DEPRECATED_OBJC_IMPLEMENTATIONS = YES;
				CLANG_WARN_DIRECT_OBJC_ISA_USAGE = YES_ERROR;
				CLANG_WARN_DOCUMENTATION_COMMENTS = YES;
				CLANG_WARN_EMPTY_BODY = YES;
				CLANG_WARN_ENUM_CONVERSION = YES;
				CLANG_WARN_INFINITE_RECURSION = YES;
				CLANG_WARN_INT_CONVERSION = YES;
				CLANG_WARN_NON_LITERAL_NULL_CONVERSION = YES;
				CLANG_WARN_OBJC_IMPLICIT_RETAIN_SELF = YES;
				CLANG_WARN_OBJC_LITERAL_CONVERSION = YES;
				CLANG_WARN_OBJC_ROOT_CLASS = YES_ERROR;
				CLANG_WARN_RANGE_LOOP_ANALYSIS = YES;
				CLANG_WARN_STRICT_PROTOTYPES = YES;
				CLANG_WARN_SUSPICIOUS_MOVE = YES;
				CLANG_WARN_UNGUARDED_AVAILABILITY = YES_AGGRESSIVE;
				CLANG_WARN_UNREACHABLE_CODE = YES;
				CLANG_WARN__DUPLICATE_METHOD_MATCH = YES;
				CODE_SIGN_IDENTITY = "iPhone Developer";
				COPY_PHASE_STRIP = NO;
				DEBUG_INFORMATION_FORMAT = dwarf;
				ENABLE_STRICT_OBJC_MSGSEND = YES;
				ENABLE_TESTABILITY = YES;
				GCC_C_LANGUAGE_STANDARD = gnu11;
				GCC_DYNAMIC_NO_PIC = NO;
				GCC_NO_COMMON_BLOCKS = YES;
				GCC_OPTIMIZATION_LEVEL = 0;
				GCC_PREPROCESSOR_DEFINITIONS = (
					"DEBUG=1",
					"$(inherited)",
				);
				GCC_WARN_64_TO_32_BIT_CONVERSION = YES;
				GCC_WARN_ABOUT_RETURN_TYPE = YES_ERROR;
				GCC_WARN_UNDECLARED_SELECTOR = YES;
				GCC_WARN_UNINITIALIZED_AUTOS = YES_AGGRESSIVE;
				GCC_WARN_UNUSED_FUNCTION = YES;
				GCC_WARN_UNUSED_VARIABLE = YES;
				IPHONEOS_DEPLOYMENT_TARGET = 12.2;
				MTL_ENABLE_DEBUG_INFO = INCLUDE_SOURCE;
				MTL_FAST_MATH = YES;
				ONLY_ACTIVE_ARCH = YES;
				SDKROOT = iphoneos;
				SWIFT_ACTIVE_COMPILATION_CONDITIONS = DEBUG;
				SWIFT_OPTIMIZATION_LEVEL = "-Onone";
			};
			name = Debug;
		};
		7BB50B6122A20DE900F499FF /* Release */ = {
			isa = XCBuildConfiguration;
			buildSettings = {
				ALWAYS_SEARCH_USER_PATHS = NO;
				CLANG_ANALYZER_NONNULL = YES;
				CLANG_ANALYZER_NUMBER_OBJECT_CONVERSION = YES_AGGRESSIVE;
				CLANG_CXX_LANGUAGE_STANDARD = "gnu++14";
				CLANG_CXX_LIBRARY = "libc++";
				CLANG_ENABLE_MODULES = YES;
				CLANG_ENABLE_OBJC_ARC = YES;
				CLANG_ENABLE_OBJC_WEAK = YES;
				CLANG_WARN_BLOCK_CAPTURE_AUTORELEASING = YES;
				CLANG_WARN_BOOL_CONVERSION = YES;
				CLANG_WARN_COMMA = YES;
				CLANG_WARN_CONSTANT_CONVERSION = YES;
				CLANG_WARN_DEPRECATED_OBJC_IMPLEMENTATIONS = YES;
				CLANG_WARN_DIRECT_OBJC_ISA_USAGE = YES_ERROR;
				CLANG_WARN_DOCUMENTATION_COMMENTS = YES;
				CLANG_WARN_EMPTY_BODY = YES;
				CLANG_WARN_ENUM_CONVERSION = YES;
				CLANG_WARN_INFINITE_RECURSION = YES;
				CLANG_WARN_INT_CONVERSION = YES;
				CLANG_WARN_NON_LITERAL_NULL_CONVERSION = YES;
				CLANG_WARN_OBJC_IMPLICIT_RETAIN_SELF = YES;
				CLANG_WARN_OBJC_LITERAL_CONVERSION = YES;
				CLANG_WARN_OBJC_ROOT_CLASS = YES_ERROR;
				CLANG_WARN_RANGE_LOOP_ANALYSIS = YES;
				CLANG_WARN_STRICT_PROTOTYPES = YES;
				CLANG_WARN_SUSPICIOUS_MOVE = YES;
				CLANG_WARN_UNGUARDED_AVAILABILITY = YES_AGGRESSIVE;
				CLANG_WARN_UNREACHABLE_CODE = YES;
				CLANG_WARN__DUPLICATE_METHOD_MATCH = YES;
				CODE_SIGN_IDENTITY = "iPhone Developer";
				COPY_PHASE_STRIP = NO;
				DEBUG_INFORMATION_FORMAT = "dwarf-with-dsym";
				ENABLE_NS_ASSERTIONS = NO;
				ENABLE_STRICT_OBJC_MSGSEND = YES;
				GCC_C_LANGUAGE_STANDARD = gnu11;
				GCC_NO_COMMON_BLOCKS = YES;
				GCC_WARN_64_TO_32_BIT_CONVERSION = YES;
				GCC_WARN_ABOUT_RETURN_TYPE = YES_ERROR;
				GCC_WARN_UNDECLARED_SELECTOR = YES;
				GCC_WARN_UNINITIALIZED_AUTOS = YES_AGGRESSIVE;
				GCC_WARN_UNUSED_FUNCTION = YES;
				GCC_WARN_UNUSED_VARIABLE = YES;
				IPHONEOS_DEPLOYMENT_TARGET = 12.2;
				MTL_ENABLE_DEBUG_INFO = NO;
				MTL_FAST_MATH = YES;
				SDKROOT = iphoneos;
				SWIFT_COMPILATION_MODE = wholemodule;
				SWIFT_OPTIMIZATION_LEVEL = "-O";
				VALIDATE_PRODUCT = YES;
			};
			name = Release;
		};
		7BB50B6322A20DE900F499FF /* Debug */ = {
			isa = XCBuildConfiguration;
			buildSettings = {
				ASSETCATALOG_COMPILER_APPICON_NAME = AppIcon;
				CODE_SIGN_STYLE = Automatic;
				INFOPLIST_FILE = QConstraintsDemo/Info.plist;
				LD_RUNPATH_SEARCH_PATHS = (
					"$(inherited)",
					"@executable_path/Frameworks",
				);
				PRODUCT_BUNDLE_IDENTIFIER = iphonesir.com.QConstraintsDemo;
				PRODUCT_NAME = "$(TARGET_NAME)";
				SWIFT_VERSION = 5.0;
				TARGETED_DEVICE_FAMILY = "1,2";
			};
			name = Debug;
		};
		7BB50B6422A20DE900F499FF /* Release */ = {
			isa = XCBuildConfiguration;
			buildSettings = {
				ASSETCATALOG_COMPILER_APPICON_NAME = AppIcon;
				CODE_SIGN_STYLE = Automatic;
				INFOPLIST_FILE = QConstraintsDemo/Info.plist;
				LD_RUNPATH_SEARCH_PATHS = (
					"$(inherited)",
					"@executable_path/Frameworks",
				);
				PRODUCT_BUNDLE_IDENTIFIER = iphonesir.com.QConstraintsDemo;
				PRODUCT_NAME = "$(TARGET_NAME)";
				SWIFT_VERSION = 5.0;
				TARGETED_DEVICE_FAMILY = "1,2";
			};
			name = Release;
		};
		7BB50B6622A20DE900F499FF /* Debug */ = {
			isa = XCBuildConfiguration;
			buildSettings = {
				ALWAYS_EMBED_SWIFT_STANDARD_LIBRARIES = YES;
				BUNDLE_LOADER = "$(TEST_HOST)";
				CODE_SIGN_STYLE = Automatic;
				INFOPLIST_FILE = QConstraintsDemoTests/Info.plist;
				LD_RUNPATH_SEARCH_PATHS = (
					"$(inherited)",
					"@executable_path/Frameworks",
					"@loader_path/Frameworks",
				);
				PRODUCT_BUNDLE_IDENTIFIER = iphonesir.com.QConstraintsDemoTests;
				PRODUCT_NAME = "$(TARGET_NAME)";
				SWIFT_VERSION = 5.0;
				TARGETED_DEVICE_FAMILY = "1,2";
				TEST_HOST = "$(BUILT_PRODUCTS_DIR)/QConstraintsDemo.app/QConstraintsDemo";
			};
			name = Debug;
		};
		7BB50B6722A20DE900F499FF /* Release */ = {
			isa = XCBuildConfiguration;
			buildSettings = {
				ALWAYS_EMBED_SWIFT_STANDARD_LIBRARIES = YES;
				BUNDLE_LOADER = "$(TEST_HOST)";
				CODE_SIGN_STYLE = Automatic;
				INFOPLIST_FILE = QConstraintsDemoTests/Info.plist;
				LD_RUNPATH_SEARCH_PATHS = (
					"$(inherited)",
					"@executable_path/Frameworks",
					"@loader_path/Frameworks",
				);
				PRODUCT_BUNDLE_IDENTIFIER = iphonesir.com.QConstraintsDemoTests;
				PRODUCT_NAME = "$(TARGET_NAME)";
				SWIFT_VERSION = 5.0;
				TARGETED_DEVICE_FAMILY = "1,2";
				TEST_HOST = "$(BUILT_PRODUCTS_DIR)/QConstraintsDemo.app/QConstraintsDemo";
			};
			name = Release;
		};
		7BB50B6922A20DE900F499FF /* Debug */ = {
			isa = XCBuildConfiguration;
			buildSettings = {
				ALWAYS_EMBED_SWIFT_STANDARD_LIBRARIES = YES;
				CODE_SIGN_STYLE = Automatic;
				INFOPLIST_FILE = QConstraintsDemoUITests/Info.plist;
				LD_RUNPATH_SEARCH_PATHS = (
					"$(inherited)",
					"@executable_path/Frameworks",
					"@loader_path/Frameworks",
				);
				PRODUCT_BUNDLE_IDENTIFIER = iphonesir.com.QConstraintsDemoUITests;
				PRODUCT_NAME = "$(TARGET_NAME)";
				SWIFT_VERSION = 5.0;
				TARGETED_DEVICE_FAMILY = "1,2";
				TEST_TARGET_NAME = QConstraintsDemo;
			};
			name = Debug;
		};
		7BB50B6A22A20DE900F499FF /* Release */ = {
			isa = XCBuildConfiguration;
			buildSettings = {
				ALWAYS_EMBED_SWIFT_STANDARD_LIBRARIES = YES;
				CODE_SIGN_STYLE = Automatic;
				INFOPLIST_FILE = QConstraintsDemoUITests/Info.plist;
				LD_RUNPATH_SEARCH_PATHS = (
					"$(inherited)",
					"@executable_path/Frameworks",
					"@loader_path/Frameworks",
				);
				PRODUCT_BUNDLE_IDENTIFIER = iphonesir.com.QConstraintsDemoUITests;
				PRODUCT_NAME = "$(TARGET_NAME)";
				SWIFT_VERSION = 5.0;
				TARGETED_DEVICE_FAMILY = "1,2";
				TEST_TARGET_NAME = QConstraintsDemo;
			};
			name = Release;
		};
/* End XCBuildConfiguration section */

/* Begin XCConfigurationList section */
		7BB50B3522A20DE500F499FF /* Build configuration list for PBXProject "QConstraintsDemo" */ = {
			isa = XCConfigurationList;
			buildConfigurations = (
				7BB50B6022A20DE900F499FF /* Debug */,
				7BB50B6122A20DE900F499FF /* Release */,
			);
			defaultConfigurationIsVisible = 0;
			defaultConfigurationName = Release;
		};
		7BB50B6222A20DE900F499FF /* Build configuration list for PBXNativeTarget "QConstraintsDemo" */ = {
			isa = XCConfigurationList;
			buildConfigurations = (
				7BB50B6322A20DE900F499FF /* Debug */,
				7BB50B6422A20DE900F499FF /* Release */,
			);
			defaultConfigurationIsVisible = 0;
			defaultConfigurationName = Release;
		};
		7BB50B6522A20DE900F499FF /* Build configuration list for PBXNativeTarget "QConstraintsDemoTests" */ = {
			isa = XCConfigurationList;
			buildConfigurations = (
				7BB50B6622A20DE900F499FF /* Debug */,
				7BB50B6722A20DE900F499FF /* Release */,
			);
			defaultConfigurationIsVisible = 0;
			defaultConfigurationName = Release;
		};
		7BB50B6822A20DE900F499FF /* Build configuration list for PBXNativeTarget "QConstraintsDemoUITests" */ = {
			isa = XCConfigurationList;
			buildConfigurations = (
				7BB50B6922A20DE900F499FF /* Debug */,
				7BB50B6A22A20DE900F499FF /* Release */,
			);
			defaultConfigurationIsVisible = 0;
			defaultConfigurationName = Release;
		};
/* End XCConfigurationList section */
	};
	rootObject = 7BB50B3222A20DE500F499FF /* Project object */;
}
